# THIS IS AN AUTOGENERATED FILE. DO NOT EDIT THIS FILE DIRECTLY.
# yarn lockfile v1


atomico@^1.76.1:
  version "1.79.2"
  resolved "https://registry.yarnpkg.com/atomico/-/atomico-1.79.2.tgz#eebff0e65fe12fdf2d751f57ec66e8057e923ddc"
  integrity sha512-mshhLRMeIltNYbnQnqgnrvJ/uDa8XDfTQcjw3ymOygQqwHIQ4Sp0LcNYMCbACkV3DtV+eDXb9szwU4qMUuGwYQ==

cally@^0.6.1:
  version "0.6.1"
  resolved "https://registry.yarnpkg.com/cally/-/cally-0.6.1.tgz#ed95af6473a7eb06534593ba0d6f6dd3224c160b"
  integrity sha512-Tt9qS5JlCrfPLIyy81gKaBlf6SArav77OZBu4rCjSYRXPz3VQMmyQ463a1ktUb6/MMHThqEM0Pmjjr5k/byVgg==
  dependencies:
    atomico "^1.76.1"
